
Microsoft Visual Studio Solution File, Format Version 12.00
# Visual Studio Version 17
VisualStudioVersion = 17.6.33801.468
MinimumVisualStudioVersion = 10.0.40219.1
Project("{FAE04EC0-301F-11D3-BF4B-00C04F79EFBC}") = "NVSSoft", "NVSSoft\NVSSoft.csproj", "{9E5D7B0F-20AC-4961-8664-060EE90622AE}"
EndProject
Project("{FAE04EC0-301F-11D3-BF4B-00C04F79EFBC}") = "DataAccessLayer", "DataAccessLayer\DataAccessLayer.csproj", "{B47AFD15-B8E5-4DCA-84C5-59BC7E87AF25}"
EndProject
Project("{FAE04EC0-301F-11D3-BF4B-00C04F79EFBC}") = "BusinessLogicLayer", "BusinessLogicLayer\BusinessLogicLayer.csproj", "{A6D177B0-C13F-4B9D-80C0-43EC1297E117}"
EndProject
Global
	GlobalSection(SolutionConfigurationPlatforms) = preSolution
		Debug|Any CPU = Debug|Any CPU
		Release|Any CPU = Release|Any CPU
	EndGlobalSection
	GlobalSection(ProjectConfigurationPlatforms) = postSolution
		{9E5D7B0F-20AC-4961-8664-060EE90622AE}.Debug|Any CPU.ActiveCfg = Debug|Any CPU
		{9E5D7B0F-20AC-4961-8664-060EE90622AE}.Debug|Any CPU.Build.0 = Debug|Any CPU
		{9E5D7B0F-20AC-4961-8664-060EE90622AE}.Release|Any CPU.ActiveCfg = Release|Any CPU
		{9E5D7B0F-20AC-4961-8664-060EE90622AE}.Release|Any CPU.Build.0 = Release|Any CPU
		{B47AFD15-B8E5-4DCA-84C5-59BC7E87AF25}.Debug|Any CPU.ActiveCfg = Debug|Any CPU
		{B47AFD15-B8E5-4DCA-84C5-59BC7E87AF25}.Debug|Any CPU.Build.0 = Debug|Any CPU
		{B47AFD15-B8E5-4DCA-84C5-59BC7E87AF25}.Release|Any CPU.ActiveCfg = Release|Any CPU
		{B47AFD15-B8E5-4DCA-84C5-59BC7E87AF25}.Release|Any CPU.Build.0 = Release|Any CPU
		{A6D177B0-C13F-4B9D-80C0-43EC1297E117}.Debug|Any CPU.ActiveCfg = Debug|Any CPU
		{A6D177B0-C13F-4B9D-80C0-43EC1297E117}.Debug|Any CPU.Build.0 = Debug|Any CPU
		{A6D177B0-C13F-4B9D-80C0-43EC1297E117}.Release|Any CPU.ActiveCfg = Release|Any CPU
		{A6D177B0-C13F-4B9D-80C0-43EC1297E117}.Release|Any CPU.Build.0 = Release|Any CPU
	EndGlobalSection
	GlobalSection(SolutionProperties) = preSolution
		HideSolutionNode = FALSE
	EndGlobalSection
	GlobalSection(ExtensibilityGlobals) = postSolution
		SolutionGuid = {00048D66-EB35-4D30-BAF0-7CF4AA3F169B}
	EndGlobalSection
EndGlobal
